# This file is automatically @generated by Cargo.
# It is not intended for manual editing.
version = 4

[[package]]
name = "perfect_freehand"
version = "0.1.0"
dependencies = [
 "perfect_freehand 0.1.1",
]

[[package]]
name = "perfect_freehand"
version = "0.1.1"
source = "registry+https://github.com/rust-lang/crates.io-index"
checksum = "a9fa6a5c34a2260773ed097c04182ceb594bb46178200d07b46cd16ac3ca4b0d"
